
Microsoft Visual Studio Solution File, Format Version 12.00
# Visual Studio Version 17
VisualStudioVersion = 17.6.33829.357
MinimumVisualStudioVersion = 10.0.40219.1
Project("{9A19103F-16F7-4668-BE54-9A1E7A4F7556}") = "TimeTracker", "TimeTracker\TimeTracker.csproj", "{FBD2119D-A204-45D4-83A0-4EE385898CCF}"
EndProject
Project("{2150E333-8FDC-42A3-9474-1A3956D46DE8}") = "Tests", "Tests", "{44ED0F44-6A33-4E13-8085-D8FBAE32A7E4}"
	ProjectSection(SolutionItems) = preProject
		Tests\Test-Health.ps1 = Tests\Test-Health.ps1
	EndProjectSection
EndProject
Global
	GlobalSection(SolutionConfigurationPlatforms) = preSolution
		Debug|Any CPU = Debug|Any CPU
		Release|Any CPU = Release|Any CPU
	EndGlobalSection
	GlobalSection(ProjectConfigurationPlatforms) = postSolution
		{FBD2119D-A204-45D4-83A0-4EE385898CCF}.Debug|Any CPU.ActiveCfg = Debug|Any CPU
		{FBD2119D-A204-45D4-83A0-4EE385898CCF}.Debug|Any CPU.Build.0 = Debug|Any CPU
		{FBD2119D-A204-45D4-83A0-4EE385898CCF}.Release|Any CPU.ActiveCfg = Release|Any CPU
		{FBD2119D-A204-45D4-83A0-4EE385898CCF}.Release|Any CPU.Build.0 = Release|Any CPU
	EndGlobalSection
	GlobalSection(SolutionProperties) = preSolution
		HideSolutionNode = FALSE
	EndGlobalSection
	GlobalSection(ExtensibilityGlobals) = postSolution
		SolutionGuid = {1924F1D6-DAF9-4651-84D4-5DA87F67FB9F}
	EndGlobalSection
EndGlobal
